
Microsoft Visual Studio Solution File, Format Version 12.00
# Visual Studio 15
Project("{FAE04EC0-301F-11D3-BF4B-00C04F79EFBC}") = "Assembly-CSharp", "Assembly-CSharp.csproj", "{8CD75E13-E3D5-E7BB-DD8E-5CFF7BE547DD}"
EndProject
Project("{FAE04EC0-301F-11D3-BF4B-00C04F79EFBC}") = "Assembly-CSharp-firstpass", "Assembly-CSharp-firstpass.csproj", "{3A9E8D03-E42A-09FB-C271-5211824231E9}"
EndProject
Project("{FAE04EC0-301F-11D3-BF4B-00C04F79EFBC}") = "Assembly-CSharp-Editor", "Assembly-CSharp-Editor.csproj", "{78DA76FB-4325-6E1C-E932-ED9737C7038B}"
EndProject
Global
	GlobalSection(SolutionConfigurationPlatforms) = preSolution
		Debug|Any CPU = Debug|Any CPU
		Release|Any CPU = Release|Any CPU
	EndGlobalSection
	GlobalSection(ProjectConfigurationPlatforms) = postSolution
		{8CD75E13-E3D5-E7BB-DD8E-5CFF7BE547DD}.Debug|Any CPU.ActiveCfg = Debug|Any CPU
		{8CD75E13-E3D5-E7BB-DD8E-5CFF7BE547DD}.Debug|Any CPU.Build.0 = Debug|Any CPU
		{8CD75E13-E3D5-E7BB-DD8E-5CFF7BE547DD}.Release|Any CPU.ActiveCfg = Release|Any CPU
		{8CD75E13-E3D5-E7BB-DD8E-5CFF7BE547DD}.Release|Any CPU.Build.0 = Release|Any CPU
		{3A9E8D03-E42A-09FB-C271-5211824231E9}.Debug|Any CPU.ActiveCfg = Debug|Any CPU
		{3A9E8D03-E42A-09FB-C271-5211824231E9}.Debug|Any CPU.Build.0 = Debug|Any CPU
		{3A9E8D03-E42A-09FB-C271-5211824231E9}.Release|Any CPU.ActiveCfg = Release|Any CPU
		{3A9E8D03-E42A-09FB-C271-5211824231E9}.Release|Any CPU.Build.0 = Release|Any CPU
		{78DA76FB-4325-6E1C-E932-ED9737C7038B}.Debug|Any CPU.ActiveCfg = Debug|Any CPU
		{78DA76FB-4325-6E1C-E932-ED9737C7038B}.Debug|Any CPU.Build.0 = Debug|Any CPU
		{78DA76FB-4325-6E1C-E932-ED9737C7038B}.Release|Any CPU.ActiveCfg = Release|Any CPU
		{78DA76FB-4325-6E1C-E932-ED9737C7038B}.Release|Any CPU.Build.0 = Release|Any CPU
	EndGlobalSection
	GlobalSection(SolutionProperties) = preSolution
		HideSolutionNode = FALSE
	EndGlobalSection
EndGlobal
